// !$*UTF8*$!
{
	archiveVersion = 1;
	classes = {
	};
	objectVersion = 46;
	objects = {

/* Begin PBXBuildFile section */
		639D27341BA01E4400A1D4BA /* NSString+Category.m in Sources */ = {isa = PBXBuildFile; fileRef = 639D27331BA01E4400A1D4BA /* NSString+Category.m */; settings = {ASSET_TAGS = (); }; };
		63F3E61E1B9FE6D00026A5BC /* main.m in Sources */ = {isa = PBXBuildFile; fileRef = 63F3E61D1B9FE6D00026A5BC /* main.m */; };
		63F3E6211B9FE6D00026A5BC /* AppDelegate.m in Sources */ = {isa = PBXBuildFile; fileRef = 63F3E6201B9FE6D00026A5BC /* AppDelegate.m */; };
		63F3E6241B9FE6D00026A5BC /* ViewController.m in Sources */ = {isa = PBXBuildFile; fileRef = 63F3E6231B9FE6D00026A5BC /* ViewController.m */; };
		63F3E6271B9FE6D00026A5BC /* Main.storyboard in Resources */ = {isa = PBXBuildFile; fileRef = 63F3E6251B9FE6D00026A5BC /* Main.storyboard */; };
		63F3E6291B9FE6D00026A5BC /* Assets.xcassets in Resources */ = {isa = PBXBuildFile; fileRef = 63F3E6281B9FE6D00026A5BC /* Assets.xcassets */; };
		63F3E62C1B9FE6D00026A5BC /* LaunchScreen.storyboard in Resources */ = {isa = PBXBuildFile; fileRef = 63F3E62A1B9FE6D00026A5BC /* LaunchScreen.storyboard */; };
		63F3E6371B9FE6D00026A5BC /* GGTextViewTests.m in Sources */ = {isa = PBXBuildFile; fileRef = 63F3E6361B9FE6D00026A5BC /* GGTextViewTests.m */; };
		63F3E6421B9FE6D00026A5BC /* GGTextViewUITests.m in Sources */ = {isa = PBXBuildFile; fileRef = 63F3E6411B9FE6D00026A5BC /* GGTextViewUITests.m */; };
		63F3E6511B9FE6EA0026A5BC /* GGTextView.m in Sources */ = {isa = PBXBuildFile; fileRef = 63F3E6501B9FE6EA0026A5BC /* GGTextView.m */; settings = {ASSET_TAGS = (); }; };
/* End PBXBuildFile section */

/* Begin PBXContainerItemProxy section */
		63F3E6331B9FE6D00026A5BC /* PBXContainerItemProxy */ = {
			isa = PBXContainerItemProxy;
			containerPortal = 63F3E6111B9FE6D00026A5BC /* Project object */;
			proxyType = 1;
			remoteGlobalIDString = 63F3E6181B9FE6D00026A5BC;
			remoteInfo = GGTextView;
		};
		63F3E63E1B9FE6D00026A5BC /* PBXContainerItemProxy */ = {
			isa = PBXContainerItemProxy;
			containerPortal = 63F3E6111B9FE6D00026A5BC /* Project object */;
			proxyType = 1;
			remoteGlobalIDString = 63F3E6181B9FE6D00026A5BC;
			remoteInfo = GGTextView;
		};
/* End PBXContainerItemProxy section */

/* Begin PBXFileReference section */
		639D27321BA01E4400A1D4BA /* NSString+Category.h */ = {isa = PBXFileReference; fileEncoding = 4; lastKnownFileType = sourcecode.c.h; path = "NSString+Category.h"; sourceTree = "<group>"; };
		639D27331BA01E4400A1D4BA /* NSString+Category.m */ = {isa = PBXFileReference; fileEncoding = 4; lastKnownFileType = sourcecode.c.objc; path = "NSString+Category.m"; sourceTree = "<group>"; };
		63F3E6191B9FE6D00026A5BC /* GGTextView.app */ = {isa = PBXFileReference; explicitFileType = wrapper.application; includeInIndex = 0; path = GGTextView.app; sourceTree = BUILT_PRODUCTS_DIR; };
		63F3E61D1B9FE6D00026A5BC /* main.m */ = {isa = PBXFileReference; lastKnownFileType = sourcecode.c.objc; path = main.m; sourceTree = "<group>"; };
		63F3E61F1B9FE6D00026A5BC /* AppDelegate.h */ = {isa = PBXFileReference; lastKnownFileType = sourcecode.c.h; path = AppDelegate.h; sourceTree = "<group>"; };
		63F3E6201B9FE6D00026A5BC /* AppDelegate.m */ = {isa = PBXFileReference; lastKnownFileType = sourcecode.c.objc; path = AppDelegate.m; sourceTree = "<group>"; };
		63F3E6221B9FE6D00026A5BC /* ViewController.h */ = {isa = PBXFileReference; lastKnownFileType = sourcecode.c.h; path = ViewController.h; sourceTree = "<group>"; };
		63F3E6231B9FE6D00026A5BC /* ViewController.m */ = {isa = PBXFileReference; lastKnownFileType = sourcecode.c.objc; path = ViewController.m; sourceTree = "<group>"; };
		63F3E6261B9FE6D00026A5BC /* Base */ = {isa = PBXFileReference; lastKnownFileType = file.storyboard; name = Base; path = Base.lproj/Main.storyboard; sourceTree = "<group>"; };
		63F3E6281B9FE6D00026A5BC /* Assets.xcassets */ = {isa = PBXFileReference; lastKnownFileType = folder.assetcatalog; path = Assets.xcassets; sourceTree = "<group>"; };
		63F3E62B1B9FE6D00026A5BC /* Base */ = {isa = PBXFileReference; lastKnownFileType = file.storyboard; name = Base; path = Base.lproj/LaunchScreen.storyboard; sourceTree = "<group>"; };
		63F3E62D1B9FE6D00026A5BC /* Info.plist */ = {isa = PBXFileReference; lastKnownFileType = text.plist.xml; path = Info.plist; sourceTree = "<group>"; };
		63F3E6321B9FE6D00026A5BC /* GGTextViewTests.xctest */ = {isa = PBXFileReference; explicitFileType = wrapper.cfbundle; includeInIndex = 0; path = GGTextViewTests.xctest; sourceTree = BUILT_PRODUCTS_DIR; };
		63F3E6361B9FE6D00026A5BC /* GGTextViewTests.m */ = {isa = PBXFileReference; lastKnownFileType = sourcecode.c.objc; path = GGTextViewTests.m; sourceTree = "<group>"; };
		63F3E6381B9FE6D00026A5BC /* Info.plist */ = {isa = PBXFileReference; lastKnownFileType = text.plist.xml; path = Info.plist; sourceTree = "<group>"; };
		63F3E63D1B9FE6D00026A5BC /* GGTextViewUITests.xctest */ = {isa = PBXFileReference; explicitFileType = wrapper.cfbundle; includeInIndex = 0; path = GGTextViewUITests.xctest; sourceTree = BUILT_PRODUCTS_DIR; };
		63F3E6411B9FE6D00026A5BC /* GGTextViewUITests.m */ = {isa = PBXFileReference; lastKnownFileType = sourcecode.c.objc; path = GGTextViewUITests.m; sourceTree = "<group>"; };
		63F3E6431B9FE6D00026A5BC /* Info.plist */ = {isa = PBXFileReference; lastKnownFileType = text.plist.xml; path = Info.plist; sourceTree = "<group>"; };
		63F3E64F1B9FE6EA0026A5BC /* GGTextView.h */ = {isa = PBXFileReference; fileEncoding = 4; lastKnownFileType = sourcecode.c.h; path = GGTextView.h; sourceTree = "<group>"; };
		63F3E6501B9FE6EA0026A5BC /* GGTextView.m */ = {isa = PBXFileReference; fileEncoding = 4; lastKnownFileType = sourcecode.c.objc; path = GGTextView.m; sourceTree = "<group>"; };
/* End PBXFileReference section */

/* Begin PBXFrameworksBuildPhase section */
		63F3E6161B9FE6D00026A5BC /* Frameworks */ = {
			isa = PBXFrameworksBuildPhase;
			buildActionMask = 2147483647;
			files = (
			);
			runOnlyForDeploymentPostprocessing = 0;
		};
		63F3E62F1B9FE6D00026A5BC /* Frameworks */ = {
			isa = PBXFrameworksBuildPhase;
			buildActionMask = 2147483647;
			files = (
			);
			runOnlyForDeploymentPostprocessing = 0;
		};
		63F3E63A1B9FE6D00026A5BC /* Frameworks */ = {
			isa = PBXFrameworksBuildPhase;
			buildActionMask = 2147483647;
			files = (
			);
			runOnlyForDeploymentPostprocessing = 0;
		};
/* End PBXFrameworksBuildPhase section */

/* Begin PBXGroup section */
		639D27351BA0207300A1D4BA /* TextView */ = {
			isa = PBXGroup;
			children = (
				63F3E64F1B9FE6EA0026A5BC /* GGTextView.h */,
				63F3E6501B9FE6EA0026A5BC /* GGTextView.m */,
			);
			name = TextView;
			sourceTree = "<group>";
		};
		63F3E6101B9FE6D00026A5BC = {
			isa = PBXGroup;
			children = (
				63F3E61B1B9FE6D00026A5BC /* GGTextView */,
				63F3E6351B9FE6D00026A5BC /* GGTextViewTests */,
				63F3E6401B9FE6D00026A5BC /* GGTextViewUITests */,
				63F3E61A1B9FE6D00026A5BC /* Products */,
			);
			sourceTree = "<group>";
		};
		63F3E61A1B9FE6D00026A5BC /* Products */ = {
			isa = PBXGroup;
			children = (
				63F3E6191B9FE6D00026A5BC /* GGTextView.app */,
				63F3E6321B9FE6D00026A5BC /* GGTextViewTests.xctest */,
				63F3E63D1B9FE6D00026A5BC /* GGTextViewUITests.xctest */,
			);
			name = Products;
			sourceTree = "<group>";
		};
		63F3E61B1B9FE6D00026A5BC /* GGTextView */ = {
			isa = PBXGroup;
			children = (
				639D27351BA0207300A1D4BA /* TextView */,
				63F3E61F1B9FE6D00026A5BC /* AppDelegate.h */,
				63F3E6201B9FE6D00026A5BC /* AppDelegate.m */,
				63F3E6221B9FE6D00026A5BC /* ViewController.h */,
				63F3E6231B9FE6D00026A5BC /* ViewController.m */,
				63F3E6251B9FE6D00026A5BC /* Main.storyboard */,
				63F3E6281B9FE6D00026A5BC /* Assets.xcassets */,
				63F3E62A1B9FE6D00026A5BC /* LaunchScreen.storyboard */,
				63F3E62D1B9FE6D00026A5BC /* Info.plist */,
				63F3E61C1B9FE6D00026A5BC /* Supporting Files */,
				639D27321BA01E4400A1D4BA /* NSString+Category.h */,
				639D27331BA01E4400A1D4BA /* NSString+Category.m */,
			);
			path = GGTextView;
			sourceTree = "<group>";
		};
		63F3E61C1B9FE6D00026A5BC /* Supporting Files */ = {
			isa = PBXGroup;
			children = (
				63F3E61D1B9FE6D00026A5BC /* main.m */,
			);
			name = "Supporting Files";
			sourceTree = "<group>";
		};
		63F3E6351B9FE6D00026A5BC /* GGTextViewTests */ = {
			isa = PBXGroup;
			children = (
				63F3E6361B9FE6D00026A5BC /* GGTextViewTests.m */,
				63F3E6381B9FE6D00026A5BC /* Info.plist */,
			);
			path = GGTextViewTests;
			sourceTree = "<group>";
		};
		63F3E6401B9FE6D00026A5BC /* GGTextViewUITests */ = {
			isa = PBXGroup;
			children = (
				63F3E6411B9FE6D00026A5BC /* GGTextViewUITests.m */,
				63F3E6431B9FE6D00026A5BC /* Info.plist */,
			);
			path = GGTextViewUITests;
			sourceTree = "<group>";
		};
/* End PBXGroup section */

/* Begin PBXNativeTarget section */
		63F3E6181B9FE6D00026A5BC /* GGTextView */ = {
			isa = PBXNativeTarget;
			buildConfigurationList = 63F3E6461B9FE6D00026A5BC /* Build configuration list for PBXNativeTarget "GGTextView" */;
			buildPhases = (
				63F3E6151B9FE6D00026A5BC /* Sources */,
				63F3E6161B9FE6D00026A5BC /* Frameworks */,
				63F3E6171B9FE6D00026A5BC /* Resources */,
			);
			buildRules = (
			);
			dependencies = (
			);
			name = GGTextView;
			productName = GGTextView;
			productReference = 63F3E6191B9FE6D00026A5BC /* GGTextView.app */;
			productType = "com.apple.product-type.application";
		};
		63F3E6311B9FE6D00026A5BC /* GGTextViewTests */ = {
			isa = PBXNativeTarget;
			buildConfigurationList = 63F3E6491B9FE6D00026A5BC /* Build configuration list for PBXNativeTarget "GGTextViewTests" */;
			buildPhases = (
				63F3E62E1B9FE6D00026A5BC /* Sources */,
				63F3E62F1B9FE6D00026A5BC /* Frameworks */,
				63F3E6301B9FE6D00026A5BC /* Resources */,
			);
			buildRules = (
			);
			dependencies = (
				63F3E6341B9FE6D00026A5BC /* PBXTargetDependency */,
			);
			name = GGTextViewTests;
			productName = GGTextViewTests;
			productReference = 63F3E6321B9FE6D00026A5BC /* GGTextViewTests.xctest */;
			productType = "com.apple.product-type.bundle.unit-test";
		};
		63F3E63C1B9FE6D00026A5BC /* GGTextViewUITests */ = {
			isa = PBXNativeTarget;
			buildConfigurationList = 63F3E64C1B9FE6D00026A5BC /* Build configuration list for PBXNativeTarget "GGTextViewUITests" */;
			buildPhases = (
				63F3E6391B9FE6D00026A5BC /* Sources */,
				63F3E63A1B9FE6D00026A5BC /* Frameworks */,
				63F3E63B1B9FE6D00026A5BC /* Resources */,
			);
			buildRules = (
			);
			dependencies = (
				63F3E63F1B9FE6D00026A5BC /* PBXTargetDependency */,
			);
			name = GGTextViewUITests;
			productName = GGTextViewUITests;
			productReference = 63F3E63D1B9FE6D00026A5BC /* GGTextViewUITests.xctest */;
			productType = "com.apple.product-type.bundle.ui-testing";
		};
/* End PBXNativeTarget section */

/* Begin PBXProject section */
		63F3E6111B9FE6D00026A5BC /* Project object */ = {
			isa = PBXProject;
			attributes = {
				LastUpgradeCheck = 0700;
				ORGANIZATIONNAME = "__无邪_";
				TargetAttributes = {
					63F3E6181B9FE6D00026A5BC = {
						CreatedOnToolsVersion = 7.0;
					};
					63F3E6311B9FE6D00026A5BC = {
						CreatedOnToolsVersion = 7.0;
						TestTargetID = 63F3E6181B9FE6D00026A5BC;
					};
					63F3E63C1B9FE6D00026A5BC = {
						CreatedOnToolsVersion = 7.0;
						TestTargetID = 63F3E6181B9FE6D00026A5BC;
					};
				};
			};
			buildConfigurationList = 63F3E6141B9FE6D00026A5BC /* Build configuration list for PBXProject "GGTextView" */;
			compatibilityVersion = "Xcode 3.2";
			developmentRegion = English;
			hasScannedForEncodings = 0;
			knownRegions = (
				en,
				Base,
			);
			mainGroup = 63F3E6101B9FE6D00026A5BC;
			productRefGroup = 63F3E61A1B9FE6D00026A5BC /* Products */;
			projectDirPath = "";
			projectRoot = "";
			targets = (
				63F3E6181B9FE6D00026A5BC /* GGTextView */,
				63F3E6311B9FE6D00026A5BC /* GGTextViewTests */,
				63F3E63C1B9FE6D00026A5BC /* GGTextViewUITests */,
			);
		};
/* End PBXProject section */

/* Begin PBXResourcesBuildPhase section */
		63F3E6171B9FE6D00026A5BC /* Resources */ = {
			isa = PBXResourcesBuildPhase;
			buildActionMask = 2147483647;
			files = (
				63F3E62C1B9FE6D00026A5BC /* LaunchScreen.storyboard in Resources */,
				63F3E6291B9FE6D00026A5BC /* Assets.xcassets in Resources */,
				63F3E6271B9FE6D00026A5BC /* Main.storyboard in Resources */,
			);
			runOnlyForDeploymentPostprocessing = 0;
		};
		63F3E6301B9FE6D00026A5BC /* Resources */ = {
			isa = PBXResourcesBuildPhase;
			buildActionMask = 2147483647;
			files = (
			);
			runOnlyForDeploymentPostprocessing = 0;
		};
		63F3E63B1B9FE6D00026A5BC /* Resources */ = {
			isa = PBXResourcesBuildPhase;
			buildActionMask = 2147483647;
			files = (
			);
			runOnlyForDeploymentPostprocessing = 0;
		};
/* End PBXResourcesBuildPhase section */

/* Begin PBXSourcesBuildPhase section */
		63F3E6151B9FE6D00026A5BC /* Sources */ = {
			isa = PBXSourcesBuildPhase;
			buildActionMask = 2147483647;
			files = (
				63F3E6241B9FE6D00026A5BC /* ViewController.m in Sources */,
				63F3E6511B9FE6EA0026A5BC /* GGTextView.m in Sources */,
				63F3E6211B9FE6D00026A5BC /* AppDelegate.m in Sources */,
				639D27341BA01E4400A1D4BA /* NSString+Category.m in Sources */,
				63F3E61E1B9FE6D00026A5BC /* main.m in Sources */,
			);
			runOnlyForDeploymentPostprocessing = 0;
		};
		63F3E62E1B9FE6D00026A5BC /* Sources */ = {
			isa = PBXSourcesBuildPhase;
			buildActionMask = 2147483647;
			files = (
				63F3E6371B9FE6D00026A5BC /* GGTextViewTests.m in Sources */,
			);
			runOnlyForDeploymentPostprocessing = 0;
		};
		63F3E6391B9FE6D00026A5BC /* Sources */ = {
			isa = PBXSourcesBuildPhase;
			buildActionMask = 2147483647;
			files = (
				63F3E6421B9FE6D00026A5BC /* GGTextViewUITests.m in Sources */,
			);
			runOnlyForDeploymentPostprocessing = 0;
		};
/* End PBXSourcesBuildPhase section */

/* Begin PBXTargetDependency section */
		63F3E6341B9FE6D00026A5BC /* PBXTargetDependency */ = {
			isa = PBXTargetDependency;
			target = 63F3E6181B9FE6D00026A5BC /* GGTextView */;
			targetProxy = 63F3E6331B9FE6D00026A5BC /* PBXContainerItemProxy */;
		};
		63F3E63F1B9FE6D00026A5BC /* PBXTargetDependency */ = {
			isa = PBXTargetDependency;
			target = 63F3E6181B9FE6D00026A5BC /* GGTextView */;
			targetProxy = 63F3E63E1B9FE6D00026A5BC /* PBXContainerItemProxy */;
		};
/* End PBXTargetDependency section */

/* Begin PBXVariantGroup section */
		63F3E6251B9FE6D00026A5BC /* Main.storyboard */ = {
			isa = PBXVariantGroup;
			children = (
				63F3E6261B9FE6D00026A5BC /* Base */,
			);
			name = Main.storyboard;
			sourceTree = "<group>";
		};
		63F3E62A1B9FE6D00026A5BC /* LaunchScreen.storyboard */ = {
			isa = PBXVariantGroup;
			children = (
				63F3E62B1B9FE6D00026A5BC /* Base */,
			);
			name = LaunchScreen.storyboard;
			sourceTree = "<group>";
		};
/* End PBXVariantGroup section */

/* Begin XCBuildConfiguration section */
		63F3E6441B9FE6D00026A5BC /* Debug */ = {
			isa = XCBuildConfiguration;
			buildSettings = {
				ALWAYS_SEARCH_USER_PATHS = NO;
				CLANG_CXX_LANGUAGE_STANDARD = "gnu++0x";
				CLANG_CXX_LIBRARY = "libc++";
				CLANG_ENABLE_MODULES = YES;
				CLANG_ENABLE_OBJC_ARC = YES;
				CLANG_WARN_BOOL_CONVERSION = YES;
				CLANG_WARN_CONSTANT_CONVERSION = YES;
				CLANG_WARN_DIRECT_OBJC_ISA_USAGE = YES_ERROR;
				CLANG_WARN_EMPTY_BODY = YES;
				CLANG_WARN_ENUM_CONVERSION = YES;
				CLANG_WARN_INT_CONVERSION = YES;
				CLANG_WARN_OBJC_ROOT_CLASS = YES_ERROR;
				CLANG_WARN_UNREACHABLE_CODE = YES;
				CLANG_WARN__DUPLICATE_METHOD_MATCH = YES;
				"CODE_SIGN_IDENTITY[sdk=iphoneos*]" = "iPhone Developer";
				COPY_PHASE_STRIP = NO;
				DEBUG_INFORMATION_FORMAT = dwarf;
				ENABLE_STRICT_OBJC_MSGSEND = YES;
				ENABLE_TESTABILITY = YES;
				GCC_C_LANGUAGE_STANDARD = gnu99;
				GCC_DYNAMIC_NO_PIC = NO;
				GCC_NO_COMMON_BLOCKS = YES;
				GCC_OPTIMIZATION_LEVEL = 0;
				GCC_PREPROCESSOR_DEFINITIONS = (
					"DEBUG=1",
					"$(inherited)",
				);
				GCC_WARN_64_TO_32_BIT_CONVERSION = YES;
				GCC_WARN_ABOUT_RETURN_TYPE = YES_ERROR;
				GCC_WARN_UNDECLARED_SELECTOR = YES;
				GCC_WARN_UNINITIALIZED_AUTOS = YES_AGGRESSIVE;
				GCC_WARN_UNUSED_FUNCTION = YES;
				GCC_WARN_UNUSED_VARIABLE = YES;
				IPHONEOS_DEPLOYMENT_TARGET = 9.0;
				MTL_ENABLE_DEBUG_INFO = YES;
				ONLY_ACTIVE_ARCH = YES;
				SDKROOT = iphoneos;
				TARGETED_DEVICE_FAMILY = "1,2";
			};
			name = Debug;
		};
		63F3E6451B9FE6D00026A5BC /* Release */ = {
			isa = XCBuildConfiguration;
			buildSettings = {
				ALWAYS_SEARCH_USER_PATHS = NO;
				CLANG_CXX_LANGUAGE_STANDARD = "gnu++0x";
				CLANG_CXX_LIBRARY = "libc++";
				CLANG_ENABLE_MODULES = YES;
				CLANG_ENABLE_OBJC_ARC = YES;
				CLANG_WARN_BOOL_CONVERSION = YES;
				CLANG_WARN_CONSTANT_CONVERSION = YES;
				CLANG_WARN_DIRECT_OBJC_ISA_USAGE = YES_ERROR;
				CLANG_WARN_EMPTY_BODY = YES;
				CLANG_WARN_ENUM_CONVERSION = YES;
				CLANG_WARN_INT_CONVERSION = YES;
				CLANG_WARN_OBJC_ROOT_CLASS = YES_ERROR;
				CLANG_WARN_UNREACHABLE_CODE = YES;
				CLANG_WARN__DUPLICATE_METHOD_MATCH = YES;
				"CODE_SIGN_IDENTITY[sdk=iphoneos*]" = "iPhone Developer";
				COPY_PHASE_STRIP = NO;
				DEBUG_INFORMATION_FORMAT = "dwarf-with-dsym";
				ENABLE_NS_ASSERTIONS = NO;
				ENABLE_STRICT_OBJC_MSGSEND = YES;
				GCC_C_LANGUAGE_STANDARD = gnu99;
				GCC_NO_COMMON_BLOCKS = YES;
				GCC_WARN_64_TO_32_BIT_CONVERSION = YES;
				GCC_WARN_ABOUT_RETURN_TYPE = YES_ERROR;
				GCC_WARN_UNDECLARED_SELECTOR = YES;
				GCC_WARN_UNINITIALIZED_AUTOS = YES_AGGRESSIVE;
				GCC_WARN_UNUSED_FUNCTION = YES;
				GCC_WARN_UNUSED_VARIABLE = YES;
				IPHONEOS_DEPLOYMENT_TARGET = 9.0;
				MTL_ENABLE_DEBUG_INFO = NO;
				SDKROOT = iphoneos;
				TARGETED_DEVICE_FAMILY = "1,2";
				VALIDATE_PRODUCT = YES;
			};
			name = Release;
		};
		63F3E6471B9FE6D00026A5BC /* Debug */ = {
			isa = XCBuildConfiguration;
			buildSettings = {
				ASSETCATALOG_COMPILER_APPICON_NAME = AppIcon;
				INFOPLIST_FILE = GGTextView/Info.plist;
				IPHONEOS_DEPLOYMENT_TARGET = 7.1;
				LD_RUNPATH_SEARCH_PATHS = "$(inherited) @executable_path/Frameworks";
				PRODUCT_BUNDLE_IDENTIFIER = Otherplayer.GGTextView;
				PRODUCT_NAME = "$(TARGET_NAME)";
			};
			name = Debug;
		};
		63F3E6481B9FE6D00026A5BC /* Release */ = {
			isa = XCBuildConfiguration;
			buildSettings = {
				ASSETCATALOG_COMPILER_APPICON_NAME = AppIcon;
				INFOPLIST_FILE = GGTextView/Info.plist;
				IPHONEOS_DEPLOYMENT_TARGET = 7.1;
				LD_RUNPATH_SEARCH_PATHS = "$(inherited) @executable_path/Frameworks";
				PRODUCT_BUNDLE_IDENTIFIER = Otherplayer.GGTextView;
				PRODUCT_NAME = "$(TARGET_NAME)";
			};
			name = Release;
		};
		63F3E64A1B9FE6D00026A5BC /* Debug */ = {
			isa = XCBuildConfiguration;
			buildSettings = {
				BUNDLE_LOADER = "$(TEST_HOST)";
				INFOPLIST_FILE = GGTextViewTests/Info.plist;
				LD_RUNPATH_SEARCH_PATHS = "$(inherited) @executable_path/Frameworks @loader_path/Frameworks";
				PRODUCT_BUNDLE_IDENTIFIER = Otherplayer.GGTextViewTests;
				PRODUCT_NAME = "$(TARGET_NAME)";
				TEST_HOST = "$(BUILT_PRODUCTS_DIR)/GGTextView.app/GGTextView";
			};
			name = Debug;
		};
		63F3E64B1B9FE6D00026A5BC /* Release */ = {
			isa = XCBuildConfiguration;
			buildSettings = {
				BUNDLE_LOADER = "$(TEST_HOST)";
				INFOPLIST_FILE = GGTextViewTests/Info.plist;
				LD_RUNPATH_SEARCH_PATHS = "$(inherited) @executable_path/Frameworks @loader_path/Frameworks";
				PRODUCT_BUNDLE_IDENTIFIER = Otherplayer.GGTextViewTests;
				PRODUCT_NAME = "$(TARGET_NAME)";
				TEST_HOST = "$(BUILT_PRODUCTS_DIR)/GGTextView.app/GGTextView";
			};
			name = Release;
		};
		63F3E64D1B9FE6D00026A5BC /* Debug */ = {
			isa = XCBuildConfiguration;
			buildSettings = {
				INFOPLIST_FILE = GGTextViewUITests/Info.plist;
				LD_RUNPATH_SEARCH_PATHS = "$(inherited) @executable_path/Frameworks @loader_path/Frameworks";
				PRODUCT_BUNDLE_IDENTIFIER = Otherplayer.GGTextViewUITests;
				PRODUCT_NAME = "$(TARGET_NAME)";
				TEST_TARGET_NAME = GGTextView;
				USES_XCTRUNNER = YES;
			};
			name = Debug;
		};
		63F3E64E1B9FE6D00026A5BC /* Release */ = {
			isa = XCBuildConfiguration;
			buildSettings = {
				INFOPLIST_FILE = GGTextViewUITests/Info.plist;
				LD_RUNPATH_SEARCH_PATHS = "$(inherited) @executable_path/Frameworks @loader_path/Frameworks";
				PRODUCT_BUNDLE_IDENTIFIER = Otherplayer.GGTextViewUITests;
				PRODUCT_NAME = "$(TARGET_NAME)";
				TEST_TARGET_NAME = GGTextView;
				USES_XCTRUNNER = YES;
			};
			name = Release;
		};
/* End XCBuildConfiguration section */

/* Begin XCConfigurationList section */
		63F3E6141B9FE6D00026A5BC /* Build configuration list for PBXProject "GGTextView" */ = {
			isa = XCConfigurationList;
			buildConfigurations = (
				63F3E6441B9FE6D00026A5BC /* Debug */,
				63F3E6451B9FE6D00026A5BC /* Release */,
			);
			defaultConfigurationIsVisible = 0;
			defaultConfigurationName = Release;
		};
		63F3E6461B9FE6D00026A5BC /* Build configuration list for PBXNativeTarget "GGTextView" */ = {
			isa = XCConfigurationList;
			buildConfigurations = (
				63F3E6471B9FE6D00026A5BC /* Debug */,
				63F3E6481B9FE6D00026A5BC /* Release */,
			);
			defaultConfigurationIsVisible = 0;
			defaultConfigurationName = Release;
		};
		63F3E6491B9FE6D00026A5BC /* Build configuration list for PBXNativeTarget "GGTextViewTests" */ = {
			isa = XCConfigurationList;
			buildConfigurations = (
				63F3E64A1B9FE6D00026A5BC /* Debug */,
				63F3E64B1B9FE6D00026A5BC /* Release */,
			);
			defaultConfigurationIsVisible = 0;
			defaultConfigurationName = Release;
		};
		63F3E64C1B9FE6D00026A5BC /* Build configuration list for PBXNativeTarget "GGTextViewUITests" */ = {
			isa = XCConfigurationList;
			buildConfigurations = (
				63F3E64D1B9FE6D00026A5BC /* Debug */,
				63F3E64E1B9FE6D00026A5BC /* Release */,
			);
			defaultConfigurationIsVisible = 0;
			defaultConfigurationName = Release;
		};
/* End XCConfigurationList section */
	};
	rootObject = 63F3E6111B9FE6D00026A5BC /* Project object */;
}
